// !$*UTF8*$!
{
	archiveVersion = 1;
	classes = {
	};
	objectVersion = 46;
	objects = {

/* Begin PBXBuildFile section */
		23A687E61EDB3BAA00866523 /* SecureDataAdapter.swift in Sources */ = {isa = PBXBuildFile; fileRef = 23A687E51EDB3BAA00866523 /* SecureDataAdapter.swift */; };
		23A687EA1EDB43D700866523 /* MainViewController.swift in Sources */ = {isa = PBXBuildFile; fileRef = 23A687E91EDB43D700866523 /* MainViewController.swift */; };
		23C2DD351EDB2C28009AEDC0 /* AppDelegate.swift in Sources */ = {isa = PBXBuildFile; fileRef = 23C2DD341EDB2C28009AEDC0 /* AppDelegate.swift */; };
		23C2DD3A1EDB2C28009AEDC0 /* Main.storyboard in Resources */ = {isa = PBXBuildFile; fileRef = 23C2DD381EDB2C28009AEDC0 /* Main.storyboard */; };
		23C2DD3C1EDB2C28009AEDC0 /* Assets.xcassets in Resources */ = {isa = PBXBuildFile; fileRef = 23C2DD3B1EDB2C28009AEDC0 /* Assets.xcassets */; };
		23C2DD3F1EDB2C28009AEDC0 /* LaunchScreen.storyboard in Resources */ = {isa = PBXBuildFile; fileRef = 23C2DD3D1EDB2C28009AEDC0 /* LaunchScreen.storyboard */; };
		23C2DD471EDB2DB7009AEDC0 /* PhotoTimerViewController.swift in Sources */ = {isa = PBXBuildFile; fileRef = 23C2DD461EDB2DB7009AEDC0 /* PhotoTimerViewController.swift */; };
/* End PBXBuildFile section */

/* Begin PBXFileReference section */
		23A687E51EDB3BAA00866523 /* SecureDataAdapter.swift */ = {isa = PBXFileReference; fileEncoding = 4; lastKnownFileType = sourcecode.swift; path = SecureDataAdapter.swift; sourceTree = "<group>"; };
		23A687E91EDB43D700866523 /* MainViewController.swift */ = {isa = PBXFileReference; fileEncoding = 4; lastKnownFileType = sourcecode.swift; path = MainViewController.swift; sourceTree = "<group>"; };
		23C2DD311EDB2C28009AEDC0 /* UnifyChallenge.app */ = {isa = PBXFileReference; explicitFileType = wrapper.application; includeInIndex = 0; path = UnifyChallenge.app; sourceTree = BUILT_PRODUCTS_DIR; };
		23C2DD341EDB2C28009AEDC0 /* AppDelegate.swift */ = {isa = PBXFileReference; lastKnownFileType = sourcecode.swift; path = AppDelegate.swift; sourceTree = "<group>"; };
		23C2DD391EDB2C28009AEDC0 /* Base */ = {isa = PBXFileReference; lastKnownFileType = file.storyboard; name = Base; path = Base.lproj/Main.storyboard; sourceTree = "<group>"; };
		23C2DD3B1EDB2C28009AEDC0 /* Assets.xcassets */ = {isa = PBXFileReference; lastKnownFileType = folder.assetcatalog; path = Assets.xcassets; sourceTree = "<group>"; };
		23C2DD3E1EDB2C28009AEDC0 /* Base */ = {isa = PBXFileReference; lastKnownFileType = file.storyboard; name = Base; path = Base.lproj/LaunchScreen.storyboard; sourceTree = "<group>"; };
		23C2DD401EDB2C28009AEDC0 /* Info.plist */ = {isa = PBXFileReference; lastKnownFileType = text.plist.xml; path = Info.plist; sourceTree = "<group>"; };
		23C2DD461EDB2DB7009AEDC0 /* PhotoTimerViewController.swift */ = {isa = PBXFileReference; fileEncoding = 4; lastKnownFileType = sourcecode.swift; path = PhotoTimerViewController.swift; sourceTree = "<group>"; };
/* End PBXFileReference section */

/* Begin PBXFrameworksBuildPhase section */
		23C2DD2E1EDB2C28009AEDC0 /* Frameworks */ = {
			isa = PBXFrameworksBuildPhase;
			buildActionMask = 2147483647;
			files = (
			);
			runOnlyForDeploymentPostprocessing = 0;
		};
/* End PBXFrameworksBuildPhase section */

/* Begin PBXGroup section */
		23C2DD281EDB2C28009AEDC0 = {
			isa = PBXGroup;
			children = (
				23C2DD331EDB2C28009AEDC0 /* UnifyChallenge */,
				23C2DD321EDB2C28009AEDC0 /* Products */,
			);
			sourceTree = "<group>";
		};
		23C2DD321EDB2C28009AEDC0 /* Products */ = {
			isa = PBXGroup;
			children = (
				23C2DD311EDB2C28009AEDC0 /* UnifyChallenge.app */,
			);
			name = Products;
			sourceTree = "<group>";
		};
		23C2DD331EDB2C28009AEDC0 /* UnifyChallenge */ = {
			isa = PBXGroup;
			children = (
				23C2DD341EDB2C28009AEDC0 /* AppDelegate.swift */,
				23C2DD381EDB2C28009AEDC0 /* Main.storyboard */,
				23C2DD3B1EDB2C28009AEDC0 /* Assets.xcassets */,
				23C2DD3D1EDB2C28009AEDC0 /* LaunchScreen.storyboard */,
				23C2DD401EDB2C28009AEDC0 /* Info.plist */,
				23C2DD461EDB2DB7009AEDC0 /* PhotoTimerViewController.swift */,
				23A687E51EDB3BAA00866523 /* SecureDataAdapter.swift */,
				23A687E91EDB43D700866523 /* MainViewController.swift */,
			);
			path = UnifyChallenge;
			sourceTree = "<group>";
		};
/* End PBXGroup section */

/* Begin PBXNativeTarget section */
		23C2DD301EDB2C28009AEDC0 /* UnifyChallenge */ = {
			isa = PBXNativeTarget;
			buildConfigurationList = 23C2DD431EDB2C28009AEDC0 /* Build configuration list for PBXNativeTarget "UnifyChallenge" */;
			buildPhases = (
				23C2DD2D1EDB2C28009AEDC0 /* Sources */,
				23C2DD2E1EDB2C28009AEDC0 /* Frameworks */,
				23C2DD2F1EDB2C28009AEDC0 /* Resources */,
			);
			buildRules = (
			);
			dependencies = (
			);
			name = UnifyChallenge;
			productName = UnifyChallenge;
			productReference = 23C2DD311EDB2C28009AEDC0 /* UnifyChallenge.app */;
			productType = "com.apple.product-type.application";
		};
/* End PBXNativeTarget section */

/* Begin PBXProject section */
		23C2DD291EDB2C28009AEDC0 /* Project object */ = {
			isa = PBXProject;
			attributes = {
				LastSwiftUpdateCheck = 0830;
				LastUpgradeCheck = 0830;
				ORGANIZATIONNAME = "Gungor Basa";
				TargetAttributes = {
					23C2DD301EDB2C28009AEDC0 = {
						CreatedOnToolsVersion = 8.3.2;
						DevelopmentTeam = 456T4LX972;
						ProvisioningStyle = Automatic;
					};
				};
			};
			buildConfigurationList = 23C2DD2C1EDB2C28009AEDC0 /* Build configuration list for PBXProject "UnifyChallenge" */;
			compatibilityVersion = "Xcode 3.2";
			developmentRegion = English;
			hasScannedForEncodings = 0;
			knownRegions = (
				en,
				Base,
			);
			mainGroup = 23C2DD281EDB2C28009AEDC0;
			productRefGroup = 23C2DD321EDB2C28009AEDC0 /* Products */;
			projectDirPath = "";
			projectRoot = "";
			targets = (
				23C2DD301EDB2C28009AEDC0 /* UnifyChallenge */,
			);
		};
/* End PBXProject section */

/* Begin PBXResourcesBuildPhase section */
		23C2DD2F1EDB2C28009AEDC0 /* Resources */ = {
			isa = PBXResourcesBuildPhase;
			buildActionMask = 2147483647;
			files = (
				23C2DD3F1EDB2C28009AEDC0 /* LaunchScreen.storyboard in Resources */,
				23C2DD3C1EDB2C28009AEDC0 /* Assets.xcassets in Resources */,
				23C2DD3A1EDB2C28009AEDC0 /* Main.storyboard in Resources */,
			);
			runOnlyForDeploymentPostprocessing = 0;
		};
/* End PBXResourcesBuildPhase section */

/* Begin PBXSourcesBuildPhase section */
		23C2DD2D1EDB2C28009AEDC0 /* Sources */ = {
			isa = PBXSourcesBuildPhase;
			buildActionMask = 2147483647;
			files = (
				23A687E61EDB3BAA00866523 /* SecureDataAdapter.swift in Sources */,
				23C2DD471EDB2DB7009AEDC0 /* PhotoTimerViewController.swift in Sources */,
				23C2DD351EDB2C28009AEDC0 /* AppDelegate.swift in Sources */,
				23A687EA1EDB43D700866523 /* MainViewController.swift in Sources */,
			);
			runOnlyForDeploymentPostprocessing = 0;
		};
/* End PBXSourcesBuildPhase section */

/* Begin PBXVariantGroup section */
		23C2DD381EDB2C28009AEDC0 /* Main.storyboard */ = {
			isa = PBXVariantGroup;
			children = (
				23C2DD391EDB2C28009AEDC0 /* Base */,
			);
			name = Main.storyboard;
			sourceTree = "<group>";
		};
		23C2DD3D1EDB2C28009AEDC0 /* LaunchScreen.storyboard */ = {
			isa = PBXVariantGroup;
			children = (
				23C2DD3E1EDB2C28009AEDC0 /* Base */,
			);
			name = LaunchScreen.storyboard;
			sourceTree = "<group>";
		};
/* End PBXVariantGroup section */

/* Begin XCBuildConfiguration section */
		23C2DD411EDB2C28009AEDC0 /* Debug */ = {
			isa = XCBuildConfiguration;
			buildSettings = {
				ALWAYS_SEARCH_USER_PATHS = NO;
				CLANG_ANALYZER_NONNULL = YES;
				CLANG_ANALYZER_NUMBER_OBJECT_CONVERSION = YES_AGGRESSIVE;
				CLANG_CXX_LANGUAGE_STANDARD = "gnu++0x";
				CLANG_CXX_LIBRARY = "libc++";
				CLANG_ENABLE_MODULES = YES;
				CLANG_ENABLE_OBJC_ARC = YES;
				CLANG_WARN_BOOL_CONVERSION = YES;
				CLANG_WARN_CONSTANT_CONVERSION = YES;
				CLANG_WARN_DIRECT_OBJC_ISA_USAGE = YES_ERROR;
				CLANG_WARN_DOCUMENTATION_COMMENTS = YES;
				CLANG_WARN_EMPTY_BODY = YES;
				CLANG_WARN_ENUM_CONVERSION = YES;
				CLANG_WARN_INFINITE_RECURSION = YES;
				CLANG_WARN_INT_CONVERSION = YES;
				CLANG_WARN_OBJC_ROOT_CLASS = YES_ERROR;
				CLANG_WARN_SUSPICIOUS_MOVE = YES;
				CLANG_WARN_UNREACHABLE_CODE = YES;
				CLANG_WARN__DUPLICATE_METHOD_MATCH = YES;
				"CODE_SIGN_IDENTITY[sdk=iphoneos*]" = "iPhone Developer";
				COPY_PHASE_STRIP = NO;
				DEBUG_INFORMATION_FORMAT = dwarf;
				ENABLE_STRICT_OBJC_MSGSEND = YES;
				ENABLE_TESTABILITY = YES;
				GCC_C_LANGUAGE_STANDARD = gnu99;
				GCC_DYNAMIC_NO_PIC = NO;
				GCC_NO_COMMON_BLOCKS = YES;
				GCC_OPTIMIZATION_LEVEL = 0;
				GCC_PREPROCESSOR_DEFINITIONS = (
					"DEBUG=1",
					"$(inherited)",
				);
				GCC_WARN_64_TO_32_BIT_CONVERSION = YES;
				GCC_WARN_ABOUT_RETURN_TYPE = YES_ERROR;
				GCC_WARN_UNDECLARED_SELECTOR = YES;
				GCC_WARN_UNINITIALIZED_AUTOS = YES_AGGRESSIVE;
				GCC_WARN_UNUSED_FUNCTION = YES;
				GCC_WARN_UNUSED_VARIABLE = YES;
				IPHONEOS_DEPLOYMENT_TARGET = 10.3;
				MTL_ENABLE_DEBUG_INFO = YES;
				ONLY_ACTIVE_ARCH = YES;
				SDKROOT = iphoneos;
				SWIFT_ACTIVE_COMPILATION_CONDITIONS = DEBUG;
				SWIFT_OPTIMIZATION_LEVEL = "-Onone";
			};
			name = Debug;
		};
		23C2DD421EDB2C28009AEDC0 /* Release */ = {
			isa = XCBuildConfiguration;
			buildSettings = {
				ALWAYS_SEARCH_USER_PATHS = NO;
				CLANG_ANALYZER_NONNULL = YES;
				CLANG_ANALYZER_NUMBER_OBJECT_CONVERSION = YES_AGGRESSIVE;
				CLANG_CXX_LANGUAGE_STANDARD = "gnu++0x";
				CLANG_CXX_LIBRARY = "libc++";
				CLANG_ENABLE_MODULES = YES;
				CLANG_ENABLE_OBJC_ARC = YES;
				CLANG_WARN_BOOL_CONVERSION = YES;
				CLANG_WARN_CONSTANT_CONVERSION = YES;
				CLANG_WARN_DIRECT_OBJC_ISA_USAGE = YES_ERROR;
				CLANG_WARN_DOCUMENTATION_COMMENTS = YES;
				CLANG_WARN_EMPTY_BODY = YES;
				CLANG_WARN_ENUM_CONVERSION = YES;
				CLANG_WARN_INFINITE_RECURSION = YES;
				CLANG_WARN_INT_CONVERSION = YES;
				CLANG_WARN_OBJC_ROOT_CLASS = YES_ERROR;
				CLANG_WARN_SUSPICIOUS_MOVE = YES;
				CLANG_WARN_UNREACHABLE_CODE = YES;
				CLANG_WARN__DUPLICATE_METHOD_MATCH = YES;
				"CODE_SIGN_IDENTITY[sdk=iphoneos*]" = "iPhone Developer";
				COPY_PHASE_STRIP = NO;
				DEBUG_INFORMATION_FORMAT = "dwarf-with-dsym";
				ENABLE_NS_ASSERTIONS = NO;
				ENABLE_STRICT_OBJC_MSGSEND = YES;
				GCC_C_LANGUAGE_STANDARD = gnu99;
				GCC_NO_COMMON_BLOCKS = YES;
				GCC_WARN_64_TO_32_BIT_CONVERSION = YES;
				GCC_WARN_ABOUT_RETURN_TYPE = YES_ERROR;
				GCC_WARN_UNDECLARED_SELECTOR = YES;
				GCC_WARN_UNINITIALIZED_AUTOS = YES_AGGRESSIVE;
				GCC_WARN_UNUSED_FUNCTION = YES;
				GCC_WARN_UNUSED_VARIABLE = YES;
				IPHONEOS_DEPLOYMENT_TARGET = 10.3;
				MTL_ENABLE_DEBUG_INFO = NO;
				SDKROOT = iphoneos;
				SWIFT_OPTIMIZATION_LEVEL = "-Owholemodule";
				VALIDATE_PRODUCT = YES;
			};
			name = Release;
		};
		23C2DD441EDB2C28009AEDC0 /* Debug */ = {
			isa = XCBuildConfiguration;
			buildSettings = {
				ASSETCATALOG_COMPILER_APPICON_NAME = AppIcon;
				DEVELOPMENT_TEAM = 456T4LX972;
				INFOPLIST_FILE = UnifyChallenge/Info.plist;
				LD_RUNPATH_SEARCH_PATHS = "$(inherited) @executable_path/Frameworks";
				PRODUCT_BUNDLE_IDENTIFIER = com.gungor.UnifyChallenge;
				PRODUCT_NAME = "$(TARGET_NAME)";
				SWIFT_VERSION = 3.0;
			};
			name = Debug;
		};
		23C2DD451EDB2C28009AEDC0 /* Release */ = {
			isa = XCBuildConfiguration;
			buildSettings = {
				ASSETCATALOG_COMPILER_APPICON_NAME = AppIcon;
				DEVELOPMENT_TEAM = 456T4LX972;
				INFOPLIST_FILE = UnifyChallenge/Info.plist;
				LD_RUNPATH_SEARCH_PATHS = "$(inherited) @executable_path/Frameworks";
				PRODUCT_BUNDLE_IDENTIFIER = com.gungor.UnifyChallenge;
				PRODUCT_NAME = "$(TARGET_NAME)";
				SWIFT_VERSION = 3.0;
			};
			name = Release;
		};
/* End XCBuildConfiguration section */

/* Begin XCConfigurationList section */
		23C2DD2C1EDB2C28009AEDC0 /* Build configuration list for PBXProject "UnifyChallenge" */ = {
			isa = XCConfigurationList;
			buildConfigurations = (
				23C2DD411EDB2C28009AEDC0 /* Debug */,
				23C2DD421EDB2C28009AEDC0 /* Release */,
			);
			defaultConfigurationIsVisible = 0;
			defaultConfigurationName = Release;
		};
		23C2DD431EDB2C28009AEDC0 /* Build configuration list for PBXNativeTarget "UnifyChallenge" */ = {
			isa = XCConfigurationList;
			buildConfigurations = (
				23C2DD441EDB2C28009AEDC0 /* Debug */,
				23C2DD451EDB2C28009AEDC0 /* Release */,
			);
			defaultConfigurationIsVisible = 0;
			defaultConfigurationName = Release;
		};
/* End XCConfigurationList section */
	};
	rootObject = 23C2DD291EDB2C28009AEDC0 /* Project object */;
}
